// !$*UTF8*$!
{
	archiveVersion = 1;
	classes = {
	};
	objectVersion = 56;
	objects = {

/* Begin PBXBuildFile section */
		4C291A0229C393F0003F2127 /* FilmHuntApp.swift in Sources */ = {isa = PBXBuildFile; fileRef = 4C291A0129C393F0003F2127 /* FilmHuntApp.swift */; };
		4C291A0629C393F2003F2127 /* Assets.xcassets in Resources */ = {isa = PBXBuildFile; fileRef = 4C291A0529C393F2003F2127 /* Assets.xcassets */; };
		4C291A0929C393F2003F2127 /* Preview Assets.xcassets in Resources */ = {isa = PBXBuildFile; fileRef = 4C291A0829C393F2003F2127 /* Preview Assets.xcassets */; };
		4C291A1329C393F2003F2127 /* FilmHuntTests.swift in Sources */ = {isa = PBXBuildFile; fileRef = 4C291A1229C393F2003F2127 /* FilmHuntTests.swift */; };
		4C291A1D29C393F3003F2127 /* FilmHuntUITests.swift in Sources */ = {isa = PBXBuildFile; fileRef = 4C291A1C29C393F3003F2127 /* FilmHuntUITests.swift */; };
		4C291A1F29C393F3003F2127 /* FilmHuntUITestsLaunchTests.swift in Sources */ = {isa = PBXBuildFile; fileRef = 4C291A1E29C393F3003F2127 /* FilmHuntUITestsLaunchTests.swift */; };
		4C291A2C29C39670003F2127 /* MovieItemView.swift in Sources */ = {isa = PBXBuildFile; fileRef = 4C291A2B29C39670003F2127 /* MovieItemView.swift */; };
		4C291A3929C46F38003F2127 /* SearchResponse.swift in Sources */ = {isa = PBXBuildFile; fileRef = 4C291A3829C46F38003F2127 /* SearchResponse.swift */; };
		4C291A3B29C47382003F2127 /* MovieResponse.swift in Sources */ = {isa = PBXBuildFile; fileRef = 4C291A3A29C47382003F2127 /* MovieResponse.swift */; };
		4C291A4129C475B7003F2127 /* NetworkConnectionErrorView.swift in Sources */ = {isa = PBXBuildFile; fileRef = 4C291A4029C475B7003F2127 /* NetworkConnectionErrorView.swift */; };
		4C291A4329C475F8003F2127 /* Localizable.strings in Resources */ = {isa = PBXBuildFile; fileRef = 4C291A4229C475F8003F2127 /* Localizable.strings */; };
		4C291A4629C4762F003F2127 /* String+Extensions.swift in Sources */ = {isa = PBXBuildFile; fileRef = 4C291A4529C4762F003F2127 /* String+Extensions.swift */; };
		4C291A4C29C492B6003F2127 /* SearchResultRepository.swift in Sources */ = {isa = PBXBuildFile; fileRef = 4C291A4B29C492B6003F2127 /* SearchResultRepository.swift */; };
		4C291A4E29C49401003F2127 /* ServerInfo.swift in Sources */ = {isa = PBXBuildFile; fileRef = 4C291A4D29C49401003F2127 /* ServerInfo.swift */; };
		4C291A5029C495B9003F2127 /* Decryptor.swift in Sources */ = {isa = PBXBuildFile; fileRef = 4C291A4F29C495B9003F2127 /* Decryptor.swift */; };
		4C291A5229C4A150003F2127 /* SearchViewModel.swift in Sources */ = {isa = PBXBuildFile; fileRef = 4C291A5129C4A150003F2127 /* SearchViewModel.swift */; };
		4C291A5529C4A269003F2127 /* SearchView.swift in Sources */ = {isa = PBXBuildFile; fileRef = 4C291A5429C4A269003F2127 /* SearchView.swift */; };
		4C291A5929C4C60E003F2127 /* SDWebImageSwiftUI in Frameworks */ = {isa = PBXBuildFile; productRef = 4C291A5829C4C60E003F2127 /* SDWebImageSwiftUI */; };
		4C291A5D29C6283A003F2127 /* MovieModel.swift in Sources */ = {isa = PBXBuildFile; fileRef = 4C291A5C29C6283A003F2127 /* MovieModel.swift */; };
		4C291A6029C704E0003F2127 /* MovieModelFactory.swift in Sources */ = {isa = PBXBuildFile; fileRef = 4C291A5F29C704E0003F2127 /* MovieModelFactory.swift */; };
		4C291A6229C7638C003F2127 /* MovieDetailsView.swift in Sources */ = {isa = PBXBuildFile; fileRef = 4C291A6129C7638C003F2127 /* MovieDetailsView.swift */; };
		4C5FCE5B2B6F92F700219CDB /* FiltersView.swift in Sources */ = {isa = PBXBuildFile; fileRef = 4C5FCE5A2B6F92F700219CDB /* FiltersView.swift */; };
		4C5FCE5E2B6F986400219CDB /* DoublePickerView.swift in Sources */ = {isa = PBXBuildFile; fileRef = 4C5FCE5D2B6F986400219CDB /* DoublePickerView.swift */; };
		4C6972D129C851D7008E72F1 /* SearchResultView.swift in Sources */ = {isa = PBXBuildFile; fileRef = 4C6972D029C851D6008E72F1 /* SearchResultView.swift */; };
		4C6972D429C8525E008E72F1 /* SearchResultViewModel.swift in Sources */ = {isa = PBXBuildFile; fileRef = 4C6972D329C8525E008E72F1 /* SearchResultViewModel.swift */; };
		4C6972DB29C8B9BB008E72F1 /* MovieDetailsViewModel.swift in Sources */ = {isa = PBXBuildFile; fileRef = 4C6972DA29C8B9BB008E72F1 /* MovieDetailsViewModel.swift */; };
		4C6FE94429CAEF9B0042AD77 /* Launch Screen.storyboard in Resources */ = {isa = PBXBuildFile; fileRef = 4C6FE94329CAEF9B0042AD77 /* Launch Screen.storyboard */; };
		4C6FE94729CAF3680042AD77 /* SDWebImage in Frameworks */ = {isa = PBXBuildFile; productRef = 4C6FE94629CAF3680042AD77 /* SDWebImage */; };
		4CB8FDC629CAF476001E766B /* SDWebImage in Frameworks */ = {isa = PBXBuildFile; productRef = 4CB8FDC529CAF476001E766B /* SDWebImage */; };
		4CEE84E329C9F53500A4CB51 /* NetworkError+Extensions.swift in Sources */ = {isa = PBXBuildFile; fileRef = 4CEE84E229C9F53500A4CB51 /* NetworkError+Extensions.swift */; };
		4CFC168B29CB043700DEFD97 /* FilmHunt Network in Frameworks */ = {isa = PBXBuildFile; productRef = 4CFC168A29CB043700DEFD97 /* FilmHunt Network */; };
		625399862AB9CAD000ABDE6E /* ProfileView.swift in Sources */ = {isa = PBXBuildFile; fileRef = 625399852AB9CAD000ABDE6E /* ProfileView.swift */; };
/* End PBXBuildFile section */

/* Begin PBXContainerItemProxy section */
		4C291A0F29C393F2003F2127 /* PBXContainerItemProxy */ = {
			isa = PBXContainerItemProxy;
			containerPortal = 4C2919F629C393F0003F2127 /* Project object */;
			proxyType = 1;
			remoteGlobalIDString = 4C2919FD29C393F0003F2127;
			remoteInfo = FilmHunt;
		};
		4C291A1929C393F3003F2127 /* PBXContainerItemProxy */ = {
			isa = PBXContainerItemProxy;
			containerPortal = 4C2919F629C393F0003F2127 /* Project object */;
			proxyType = 1;
			remoteGlobalIDString = 4C2919FD29C393F0003F2127;
			remoteInfo = FilmHunt;
		};
/* End PBXContainerItemProxy section */

/* Begin PBXFileReference section */
		4C2919FE29C393F0003F2127 /* FilmHunt.app */ = {isa = PBXFileReference; explicitFileType = wrapper.application; includeInIndex = 0; path = FilmHunt.app; sourceTree = BUILT_PRODUCTS_DIR; };
		4C291A0129C393F0003F2127 /* FilmHuntApp.swift */ = {isa = PBXFileReference; lastKnownFileType = sourcecode.swift; path = FilmHuntApp.swift; sourceTree = "<group>"; };
		4C291A0529C393F2003F2127 /* Assets.xcassets */ = {isa = PBXFileReference; lastKnownFileType = folder.assetcatalog; path = Assets.xcassets; sourceTree = "<group>"; };
		4C291A0829C393F2003F2127 /* Preview Assets.xcassets */ = {isa = PBXFileReference; lastKnownFileType = folder.assetcatalog; path = "Preview Assets.xcassets"; sourceTree = "<group>"; };
		4C291A0E29C393F2003F2127 /* FilmHuntTests.xctest */ = {isa = PBXFileReference; explicitFileType = wrapper.cfbundle; includeInIndex = 0; path = FilmHuntTests.xctest; sourceTree = BUILT_PRODUCTS_DIR; };
		4C291A1229C393F2003F2127 /* FilmHuntTests.swift */ = {isa = PBXFileReference; lastKnownFileType = sourcecode.swift; path = FilmHuntTests.swift; sourceTree = "<group>"; };
		4C291A1829C393F3003F2127 /* FilmHuntUITests.xctest */ = {isa = PBXFileReference; explicitFileType = wrapper.cfbundle; includeInIndex = 0; path = FilmHuntUITests.xctest; sourceTree = BUILT_PRODUCTS_DIR; };
		4C291A1C29C393F3003F2127 /* FilmHuntUITests.swift */ = {isa = PBXFileReference; lastKnownFileType = sourcecode.swift; path = FilmHuntUITests.swift; sourceTree = "<group>"; };
		4C291A1E29C393F3003F2127 /* FilmHuntUITestsLaunchTests.swift */ = {isa = PBXFileReference; lastKnownFileType = sourcecode.swift; path = FilmHuntUITestsLaunchTests.swift; sourceTree = "<group>"; };
		4C291A2B29C39670003F2127 /* MovieItemView.swift */ = {isa = PBXFileReference; lastKnownFileType = sourcecode.swift; path = MovieItemView.swift; sourceTree = "<group>"; };
		4C291A3829C46F38003F2127 /* SearchResponse.swift */ = {isa = PBXFileReference; lastKnownFileType = sourcecode.swift; path = SearchResponse.swift; sourceTree = "<group>"; };
		4C291A3A29C47382003F2127 /* MovieResponse.swift */ = {isa = PBXFileReference; lastKnownFileType = sourcecode.swift; path = MovieResponse.swift; sourceTree = "<group>"; };
		4C291A4029C475B7003F2127 /* NetworkConnectionErrorView.swift */ = {isa = PBXFileReference; lastKnownFileType = sourcecode.swift; path = NetworkConnectionErrorView.swift; sourceTree = "<group>"; };
		4C291A4229C475F8003F2127 /* Localizable.strings */ = {isa = PBXFileReference; lastKnownFileType = text.plist.strings; path = Localizable.strings; sourceTree = "<group>"; };
		4C291A4529C4762F003F2127 /* String+Extensions.swift */ = {isa = PBXFileReference; lastKnownFileType = sourcecode.swift; path = "String+Extensions.swift"; sourceTree = "<group>"; };
		4C291A4B29C492B6003F2127 /* SearchResultRepository.swift */ = {isa = PBXFileReference; lastKnownFileType = sourcecode.swift; path = SearchResultRepository.swift; sourceTree = "<group>"; };
		4C291A4D29C49401003F2127 /* ServerInfo.swift */ = {isa = PBXFileReference; lastKnownFileType = sourcecode.swift; path = ServerInfo.swift; sourceTree = "<group>"; };
		4C291A4F29C495B9003F2127 /* Decryptor.swift */ = {isa = PBXFileReference; lastKnownFileType = sourcecode.swift; path = Decryptor.swift; sourceTree = "<group>"; };
		4C291A5129C4A150003F2127 /* SearchViewModel.swift */ = {isa = PBXFileReference; lastKnownFileType = sourcecode.swift; path = SearchViewModel.swift; sourceTree = "<group>"; };
		4C291A5429C4A269003F2127 /* SearchView.swift */ = {isa = PBXFileReference; lastKnownFileType = sourcecode.swift; path = SearchView.swift; sourceTree = "<group>"; };
		4C291A5629C4ABE0003F2127 /* Info.plist */ = {isa = PBXFileReference; lastKnownFileType = text.plist; path = Info.plist; sourceTree = "<group>"; };
		4C291A5C29C6283A003F2127 /* MovieModel.swift */ = {isa = PBXFileReference; lastKnownFileType = sourcecode.swift; path = MovieModel.swift; sourceTree = "<group>"; };
		4C291A5F29C704E0003F2127 /* MovieModelFactory.swift */ = {isa = PBXFileReference; lastKnownFileType = sourcecode.swift; path = MovieModelFactory.swift; sourceTree = "<group>"; };
		4C291A6129C7638C003F2127 /* MovieDetailsView.swift */ = {isa = PBXFileReference; lastKnownFileType = sourcecode.swift; path = MovieDetailsView.swift; sourceTree = "<group>"; };
		4C5FCE5A2B6F92F700219CDB /* FiltersView.swift */ = {isa = PBXFileReference; lastKnownFileType = sourcecode.swift; path = FiltersView.swift; sourceTree = "<group>"; };
		4C5FCE5D2B6F986400219CDB /* DoublePickerView.swift */ = {isa = PBXFileReference; lastKnownFileType = sourcecode.swift; path = DoublePickerView.swift; sourceTree = "<group>"; };
		4C6972D029C851D6008E72F1 /* SearchResultView.swift */ = {isa = PBXFileReference; lastKnownFileType = sourcecode.swift; path = SearchResultView.swift; sourceTree = "<group>"; };
		4C6972D329C8525E008E72F1 /* SearchResultViewModel.swift */ = {isa = PBXFileReference; lastKnownFileType = sourcecode.swift; path = SearchResultViewModel.swift; sourceTree = "<group>"; };
		4C6972DA29C8B9BB008E72F1 /* MovieDetailsViewModel.swift */ = {isa = PBXFileReference; lastKnownFileType = sourcecode.swift; path = MovieDetailsViewModel.swift; sourceTree = "<group>"; };
		4C6FE94329CAEF9B0042AD77 /* Launch Screen.storyboard */ = {isa = PBXFileReference; lastKnownFileType = file.storyboard; path = "Launch Screen.storyboard"; sourceTree = "<group>"; };
		4CB8FDC729CB00BD001E766B /* FilmHunt Network */ = {isa = PBXFileReference; lastKnownFileType = wrapper; path = "FilmHunt Network"; sourceTree = "<group>"; };
		4CEE84E229C9F53500A4CB51 /* NetworkError+Extensions.swift */ = {isa = PBXFileReference; lastKnownFileType = sourcecode.swift; path = "NetworkError+Extensions.swift"; sourceTree = "<group>"; };
		625399852AB9CAD000ABDE6E /* ProfileView.swift */ = {isa = PBXFileReference; lastKnownFileType = sourcecode.swift; path = ProfileView.swift; sourceTree = "<group>"; };
/* End PBXFileReference section */

/* Begin PBXFrameworksBuildPhase section */
		4C2919FB29C393F0003F2127 /* Frameworks */ = {
			isa = PBXFrameworksBuildPhase;
			buildActionMask = 2147483647;
			files = (
				4C6FE94729CAF3680042AD77 /* SDWebImage in Frameworks */,
				4CFC168B29CB043700DEFD97 /* FilmHunt Network in Frameworks */,
				4C291A5929C4C60E003F2127 /* SDWebImageSwiftUI in Frameworks */,
			);
			runOnlyForDeploymentPostprocessing = 0;
		};
		4C291A0B29C393F2003F2127 /* Frameworks */ = {
			isa = PBXFrameworksBuildPhase;
			buildActionMask = 2147483647;
			files = (
				4CB8FDC629CAF476001E766B /* SDWebImage in Frameworks */,
			);
			runOnlyForDeploymentPostprocessing = 0;
		};
		4C291A1529C393F3003F2127 /* Frameworks */ = {
			isa = PBXFrameworksBuildPhase;
			buildActionMask = 2147483647;
			files = (
			);
			runOnlyForDeploymentPostprocessing = 0;
		};
/* End PBXFrameworksBuildPhase section */

/* Begin PBXGroup section */
		4C2919F529C393F0003F2127 = {
			isa = PBXGroup;
			children = (
				4CA6349529C9ED560077877F /* Packages */,
				4C291A0029C393F0003F2127 /* FilmHunt */,
				4C291A1129C393F2003F2127 /* FilmHuntTests */,
				4C291A1B29C393F3003F2127 /* FilmHuntUITests */,
				4C2919FF29C393F0003F2127 /* Products */,
				4C9763EB29C9F25300987C93 /* Frameworks */,
			);
			sourceTree = "<group>";
		};
		4C2919FF29C393F0003F2127 /* Products */ = {
			isa = PBXGroup;
			children = (
				4C2919FE29C393F0003F2127 /* FilmHunt.app */,
				4C291A0E29C393F2003F2127 /* FilmHuntTests.xctest */,
				4C291A1829C393F3003F2127 /* FilmHuntUITests.xctest */,
			);
			name = Products;
			sourceTree = "<group>";
		};
		4C291A0029C393F0003F2127 /* FilmHunt */ = {
			isa = PBXGroup;
			children = (
				4C291A5629C4ABE0003F2127 /* Info.plist */,
				4C291A3C29C4757C003F2127 /* Flow */,
				4C291A4429C47618003F2127 /* Helpers */,
				4C291A3629C46EB1003F2127 /* DataManager */,
				4C291A0129C393F0003F2127 /* FilmHuntApp.swift */,
				4C291A0529C393F2003F2127 /* Assets.xcassets */,
				4C291A0729C393F2003F2127 /* Preview Content */,
				4C291A4229C475F8003F2127 /* Localizable.strings */,
				4C6FE94329CAEF9B0042AD77 /* Launch Screen.storyboard */,
			);
			path = FilmHunt;
			sourceTree = "<group>";
		};
		4C291A0729C393F2003F2127 /* Preview Content */ = {
			isa = PBXGroup;
			children = (
				4C291A0829C393F2003F2127 /* Preview Assets.xcassets */,
			);
			path = "Preview Content";
			sourceTree = "<group>";
		};
		4C291A1129C393F2003F2127 /* FilmHuntTests */ = {
			isa = PBXGroup;
			children = (
				4C291A1229C393F2003F2127 /* FilmHuntTests.swift */,
			);
			path = FilmHuntTests;
			sourceTree = "<group>";
		};
		4C291A1B29C393F3003F2127 /* FilmHuntUITests */ = {
			isa = PBXGroup;
			children = (
				4C291A1C29C393F3003F2127 /* FilmHuntUITests.swift */,
				4C291A1E29C393F3003F2127 /* FilmHuntUITestsLaunchTests.swift */,
			);
			path = FilmHuntUITests;
			sourceTree = "<group>";
		};
		4C291A3629C46EB1003F2127 /* DataManager */ = {
			isa = PBXGroup;
			children = (
				4C6972D529C891C9008E72F1 /* Model */,
				4C291A4A29C49280003F2127 /* Repositories */,
				4C291A3729C46EE6003F2127 /* Responses */,
			);
			path = DataManager;
			sourceTree = "<group>";
		};
		4C291A3729C46EE6003F2127 /* Responses */ = {
			isa = PBXGroup;
			children = (
				4C291A3829C46F38003F2127 /* SearchResponse.swift */,
				4C291A3A29C47382003F2127 /* MovieResponse.swift */,
			);
			path = Responses;
			sourceTree = "<group>";
		};
		4C291A3C29C4757C003F2127 /* Flow */ = {
			isa = PBXGroup;
			children = (
				4C5FCE592B6F92D900219CDB /* Filters */,
				625399842AB9CABB00ABDE6E /* Profile */,
				4C291A4729C4770D003F2127 /* Search */,
				4C6972CE29C851A2008E72F1 /* SearchResult */,
				4C291A4829C47729003F2127 /* MovieDetails */,
				4C291A3D29C47586003F2127 /* ErrorView */,
			);
			path = Flow;
			sourceTree = "<group>";
		};
		4C291A3D29C47586003F2127 /* ErrorView */ = {
			isa = PBXGroup;
			children = (
				4C291A4029C475B7003F2127 /* NetworkConnectionErrorView.swift */,
			);
			path = ErrorView;
			sourceTree = "<group>";
		};
		4C291A4429C47618003F2127 /* Helpers */ = {
			isa = PBXGroup;
			children = (
				4C291A4529C4762F003F2127 /* String+Extensions.swift */,
				4CEE84E229C9F53500A4CB51 /* NetworkError+Extensions.swift */,
				4C291A4F29C495B9003F2127 /* Decryptor.swift */,
				4C291A4D29C49401003F2127 /* ServerInfo.swift */,
			);
			path = Helpers;
			sourceTree = "<group>";
		};
		4C291A4729C4770D003F2127 /* Search */ = {
			isa = PBXGroup;
			children = (
				4C291A5329C4A1C9003F2127 /* View */,
				4C291A4929C4926D003F2127 /* ViewModel */,
			);
			path = Search;
			sourceTree = "<group>";
		};
		4C291A4829C47729003F2127 /* MovieDetails */ = {
			isa = PBXGroup;
			children = (
				4C6972DD29C8B9CD008E72F1 /* View */,
				4C6972DC29C8B9C1008E72F1 /* ViewModel */,
			);
			path = MovieDetails;
			sourceTree = "<group>";
		};
		4C291A4929C4926D003F2127 /* ViewModel */ = {
			isa = PBXGroup;
			children = (
				4C291A5129C4A150003F2127 /* SearchViewModel.swift */,
			);
			path = ViewModel;
			sourceTree = "<group>";
		};
		4C291A4A29C49280003F2127 /* Repositories */ = {
			isa = PBXGroup;
			children = (
				4C291A4B29C492B6003F2127 /* SearchResultRepository.swift */,
			);
			path = Repositories;
			sourceTree = "<group>";
		};
		4C291A5329C4A1C9003F2127 /* View */ = {
			isa = PBXGroup;
			children = (
				4C291A5429C4A269003F2127 /* SearchView.swift */,
				4C291A2B29C39670003F2127 /* MovieItemView.swift */,
			);
			path = View;
			sourceTree = "<group>";
		};
		4C5FCE592B6F92D900219CDB /* Filters */ = {
			isa = PBXGroup;
			children = (
				4C5FCE5C2B6F984F00219CDB /* Views */,
				4C5FCE5A2B6F92F700219CDB /* FiltersView.swift */,
			);
			path = Filters;
			sourceTree = "<group>";
		};
		4C5FCE5C2B6F984F00219CDB /* Views */ = {
			isa = PBXGroup;
			children = (
				4C5FCE5D2B6F986400219CDB /* DoublePickerView.swift */,
			);
			path = Views;
			sourceTree = "<group>";
		};
		4C6972CE29C851A2008E72F1 /* SearchResult */ = {
			isa = PBXGroup;
			children = (
				4C6972D229C85253008E72F1 /* ViewModel */,
				4C6972CF29C851C4008E72F1 /* View */,
			);
			path = SearchResult;
			sourceTree = "<group>";
		};
		4C6972CF29C851C4008E72F1 /* View */ = {
			isa = PBXGroup;
			children = (
				4C6972D029C851D6008E72F1 /* SearchResultView.swift */,
			);
			path = View;
			sourceTree = "<group>";
		};
		4C6972D229C85253008E72F1 /* ViewModel */ = {
			isa = PBXGroup;
			children = (
				4C6972D329C8525E008E72F1 /* SearchResultViewModel.swift */,
			);
			path = ViewModel;
			sourceTree = "<group>";
		};
		4C6972D529C891C9008E72F1 /* Model */ = {
			isa = PBXGroup;
			children = (
				4C291A5C29C6283A003F2127 /* MovieModel.swift */,
				4C291A5F29C704E0003F2127 /* MovieModelFactory.swift */,
			);
			path = Model;
			sourceTree = "<group>";
		};
		4C6972DC29C8B9C1008E72F1 /* ViewModel */ = {
			isa = PBXGroup;
			children = (
				4C6972DA29C8B9BB008E72F1 /* MovieDetailsViewModel.swift */,
			);
			path = ViewModel;
			sourceTree = "<group>";
		};
		4C6972DD29C8B9CD008E72F1 /* View */ = {
			isa = PBXGroup;
			children = (
				4C291A6129C7638C003F2127 /* MovieDetailsView.swift */,
			);
			path = View;
			sourceTree = "<group>";
		};
		4C9763EB29C9F25300987C93 /* Frameworks */ = {
			isa = PBXGroup;
			children = (
			);
			name = Frameworks;
			sourceTree = "<group>";
		};
		4CA6349529C9ED560077877F /* Packages */ = {
			isa = PBXGroup;
			children = (
				4CB8FDC729CB00BD001E766B /* FilmHunt Network */,
			);
			name = Packages;
			sourceTree = "<group>";
		};
		625399842AB9CABB00ABDE6E /* Profile */ = {
			isa = PBXGroup;
			children = (
				625399852AB9CAD000ABDE6E /* ProfileView.swift */,
			);
			path = Profile;
			sourceTree = "<group>";
		};
/* End PBXGroup section */

/* Begin PBXNativeTarget section */
		4C2919FD29C393F0003F2127 /* FilmHunt */ = {
			isa = PBXNativeTarget;
			buildConfigurationList = 4C291A2229C393F3003F2127 /* Build configuration list for PBXNativeTarget "FilmHunt" */;
			buildPhases = (
				4C2919FA29C393F0003F2127 /* Sources */,
				4C2919FB29C393F0003F2127 /* Frameworks */,
				4C2919FC29C393F0003F2127 /* Resources */,
			);
			buildRules = (
			);
			dependencies = (
			);
			name = FilmHunt;
			packageProductDependencies = (
				4C291A5829C4C60E003F2127 /* SDWebImageSwiftUI */,
				4C6FE94629CAF3680042AD77 /* SDWebImage */,
				4CFC168A29CB043700DEFD97 /* FilmHunt Network */,
			);
			productName = FilmHunt;
			productReference = 4C2919FE29C393F0003F2127 /* FilmHunt.app */;
			productType = "com.apple.product-type.application";
		};
		4C291A0D29C393F2003F2127 /* FilmHuntTests */ = {
			isa = PBXNativeTarget;
			buildConfigurationList = 4C291A2529C393F3003F2127 /* Build configuration list for PBXNativeTarget "FilmHuntTests" */;
			buildPhases = (
				4C291A0A29C393F2003F2127 /* Sources */,
				4C291A0B29C393F2003F2127 /* Frameworks */,
				4C291A0C29C393F2003F2127 /* Resources */,
			);
			buildRules = (
			);
			dependencies = (
				4C291A1029C393F2003F2127 /* PBXTargetDependency */,
			);
			name = FilmHuntTests;
			packageProductDependencies = (
				4CB8FDC529CAF476001E766B /* SDWebImage */,
			);
			productName = FilmHuntTests;
			productReference = 4C291A0E29C393F2003F2127 /* FilmHuntTests.xctest */;
			productType = "com.apple.product-type.bundle.unit-test";
		};
		4C291A1729C393F3003F2127 /* FilmHuntUITests */ = {
			isa = PBXNativeTarget;
			buildConfigurationList = 4C291A2829C393F3003F2127 /* Build configuration list for PBXNativeTarget "FilmHuntUITests" */;
			buildPhases = (
				4C291A1429C393F3003F2127 /* Sources */,
				4C291A1529C393F3003F2127 /* Frameworks */,
				4C291A1629C393F3003F2127 /* Resources */,
			);
			buildRules = (
			);
			dependencies = (
				4C291A1A29C393F3003F2127 /* PBXTargetDependency */,
			);
			name = FilmHuntUITests;
			productName = FilmHuntUITests;
			productReference = 4C291A1829C393F3003F2127 /* FilmHuntUITests.xctest */;
			productType = "com.apple.product-type.bundle.ui-testing";
		};
/* End PBXNativeTarget section */

/* Begin PBXProject section */
		4C2919F629C393F0003F2127 /* Project object */ = {
			isa = PBXProject;
			attributes = {
				BuildIndependentTargetsInParallel = 1;
				LastSwiftUpdateCheck = 1420;
				LastUpgradeCheck = 1420;
				TargetAttributes = {
					4C2919FD29C393F0003F2127 = {
						CreatedOnToolsVersion = 14.2;
					};
					4C291A0D29C393F2003F2127 = {
						CreatedOnToolsVersion = 14.2;
						TestTargetID = 4C2919FD29C393F0003F2127;
					};
					4C291A1729C393F3003F2127 = {
						CreatedOnToolsVersion = 14.2;
						TestTargetID = 4C2919FD29C393F0003F2127;
					};
				};
			};
			buildConfigurationList = 4C2919F929C393F0003F2127 /* Build configuration list for PBXProject "FilmHunt" */;
			compatibilityVersion = "Xcode 14.0";
			developmentRegion = en;
			hasScannedForEncodings = 0;
			knownRegions = (
				en,
				Base,
			);
			mainGroup = 4C2919F529C393F0003F2127;
			packageReferences = (
				4C291A5729C4C60E003F2127 /* XCRemoteSwiftPackageReference "SDWebImageSwiftUI" */,
				4C6FE94529CAF3680042AD77 /* XCRemoteSwiftPackageReference "SDWebImage" */,
			);
			productRefGroup = 4C2919FF29C393F0003F2127 /* Products */;
			projectDirPath = "";
			projectRoot = "";
			targets = (
				4C2919FD29C393F0003F2127 /* FilmHunt */,
				4C291A0D29C393F2003F2127 /* FilmHuntTests */,
				4C291A1729C393F3003F2127 /* FilmHuntUITests */,
			);
		};
/* End PBXProject section */

/* Begin PBXResourcesBuildPhase section */
		4C2919FC29C393F0003F2127 /* Resources */ = {
			isa = PBXResourcesBuildPhase;
			buildActionMask = 2147483647;
			files = (
				4C291A0929C393F2003F2127 /* Preview Assets.xcassets in Resources */,
				4C291A4329C475F8003F2127 /* Localizable.strings in Resources */,
				4C6FE94429CAEF9B0042AD77 /* Launch Screen.storyboard in Resources */,
				4C291A0629C393F2003F2127 /* Assets.xcassets in Resources */,
			);
			runOnlyForDeploymentPostprocessing = 0;
		};
		4C291A0C29C393F2003F2127 /* Resources */ = {
			isa = PBXResourcesBuildPhase;
			buildActionMask = 2147483647;
			files = (
			);
			runOnlyForDeploymentPostprocessing = 0;
		};
		4C291A1629C393F3003F2127 /* Resources */ = {
			isa = PBXResourcesBuildPhase;
			buildActionMask = 2147483647;
			files = (
			);
			runOnlyForDeploymentPostprocessing = 0;
		};
/* End PBXResourcesBuildPhase section */

/* Begin PBXSourcesBuildPhase section */
		4C2919FA29C393F0003F2127 /* Sources */ = {
			isa = PBXSourcesBuildPhase;
			buildActionMask = 2147483647;
			files = (
				4C291A6029C704E0003F2127 /* MovieModelFactory.swift in Sources */,
				4C291A4629C4762F003F2127 /* String+Extensions.swift in Sources */,
				4C291A6229C7638C003F2127 /* MovieDetailsView.swift in Sources */,
				4C291A4C29C492B6003F2127 /* SearchResultRepository.swift in Sources */,
				4C5FCE5B2B6F92F700219CDB /* FiltersView.swift in Sources */,
				4C291A4E29C49401003F2127 /* ServerInfo.swift in Sources */,
				4C291A5029C495B9003F2127 /* Decryptor.swift in Sources */,
				4C291A3929C46F38003F2127 /* SearchResponse.swift in Sources */,
				4C5FCE5E2B6F986400219CDB /* DoublePickerView.swift in Sources */,
				4C6972DB29C8B9BB008E72F1 /* MovieDetailsViewModel.swift in Sources */,
				4C6972D429C8525E008E72F1 /* SearchResultViewModel.swift in Sources */,
				4C291A5D29C6283A003F2127 /* MovieModel.swift in Sources */,
				4C291A2C29C39670003F2127 /* MovieItemView.swift in Sources */,
				4C291A3B29C47382003F2127 /* MovieResponse.swift in Sources */,
				4C6972D129C851D7008E72F1 /* SearchResultView.swift in Sources */,
				4CEE84E329C9F53500A4CB51 /* NetworkError+Extensions.swift in Sources */,
				4C291A5529C4A269003F2127 /* SearchView.swift in Sources */,
				4C291A5229C4A150003F2127 /* SearchViewModel.swift in Sources */,
				625399862AB9CAD000ABDE6E /* ProfileView.swift in Sources */,
				4C291A0229C393F0003F2127 /* FilmHuntApp.swift in Sources */,
				4C291A4129C475B7003F2127 /* NetworkConnectionErrorView.swift in Sources */,
			);
			runOnlyForDeploymentPostprocessing = 0;
		};
		4C291A0A29C393F2003F2127 /* Sources */ = {
			isa = PBXSourcesBuildPhase;
			buildActionMask = 2147483647;
			files = (
				4C291A1329C393F2003F2127 /* FilmHuntTests.swift in Sources */,
			);
			runOnlyForDeploymentPostprocessing = 0;
		};
		4C291A1429C393F3003F2127 /* Sources */ = {
			isa = PBXSourcesBuildPhase;
			buildActionMask = 2147483647;
			files = (
				4C291A1F29C393F3003F2127 /* FilmHuntUITestsLaunchTests.swift in Sources */,
				4C291A1D29C393F3003F2127 /* FilmHuntUITests.swift in Sources */,
			);
			runOnlyForDeploymentPostprocessing = 0;
		};
/* End PBXSourcesBuildPhase section */

/* Begin PBXTargetDependency section */
		4C291A1029C393F2003F2127 /* PBXTargetDependency */ = {
			isa = PBXTargetDependency;
			target = 4C2919FD29C393F0003F2127 /* FilmHunt */;
			targetProxy = 4C291A0F29C393F2003F2127 /* PBXContainerItemProxy */;
		};
		4C291A1A29C393F3003F2127 /* PBXTargetDependency */ = {
			isa = PBXTargetDependency;
			target = 4C2919FD29C393F0003F2127 /* FilmHunt */;
			targetProxy = 4C291A1929C393F3003F2127 /* PBXContainerItemProxy */;
		};
/* End PBXTargetDependency section */

/* Begin XCBuildConfiguration section */
		4C291A2029C393F3003F2127 /* Debug */ = {
			isa = XCBuildConfiguration;
			buildSettings = {
				ALWAYS_SEARCH_USER_PATHS = NO;
				CLANG_ANALYZER_NONNULL = YES;
				CLANG_ANALYZER_NUMBER_OBJECT_CONVERSION = YES_AGGRESSIVE;
				CLANG_CXX_LANGUAGE_STANDARD = "gnu++20";
				CLANG_ENABLE_MODULES = YES;
				CLANG_ENABLE_OBJC_ARC = YES;
				CLANG_ENABLE_OBJC_WEAK = YES;
				CLANG_WARN_BLOCK_CAPTURE_AUTORELEASING = YES;
				CLANG_WARN_BOOL_CONVERSION = YES;
				CLANG_WARN_COMMA = YES;
				CLANG_WARN_CONSTANT_CONVERSION = YES;
				CLANG_WARN_DEPRECATED_OBJC_IMPLEMENTATIONS = YES;
				CLANG_WARN_DIRECT_OBJC_ISA_USAGE = YES_ERROR;
				CLANG_WARN_DOCUMENTATION_COMMENTS = YES;
				CLANG_WARN_EMPTY_BODY = YES;
				CLANG_WARN_ENUM_CONVERSION = YES;
				CLANG_WARN_INFINITE_RECURSION = YES;
				CLANG_WARN_INT_CONVERSION = YES;
				CLANG_WARN_NON_LITERAL_NULL_CONVERSION = YES;
				CLANG_WARN_OBJC_IMPLICIT_RETAIN_SELF = YES;
				CLANG_WARN_OBJC_LITERAL_CONVERSION = YES;
				CLANG_WARN_OBJC_ROOT_CLASS = YES_ERROR;
				CLANG_WARN_QUOTED_INCLUDE_IN_FRAMEWORK_HEADER = YES;
				CLANG_WARN_RANGE_LOOP_ANALYSIS = YES;
				CLANG_WARN_STRICT_PROTOTYPES = YES;
				CLANG_WARN_SUSPICIOUS_MOVE = YES;
				CLANG_WARN_UNGUARDED_AVAILABILITY = YES_AGGRESSIVE;
				CLANG_WARN_UNREACHABLE_CODE = YES;
				CLANG_WARN__DUPLICATE_METHOD_MATCH = YES;
				COPY_PHASE_STRIP = NO;
				DEBUG_INFORMATION_FORMAT = dwarf;
				ENABLE_STRICT_OBJC_MSGSEND = YES;
				ENABLE_TESTABILITY = YES;
				GCC_C_LANGUAGE_STANDARD = gnu11;
				GCC_DYNAMIC_NO_PIC = NO;
				GCC_NO_COMMON_BLOCKS = YES;
				GCC_OPTIMIZATION_LEVEL = 0;
				GCC_PREPROCESSOR_DEFINITIONS = (
					"DEBUG=1",
					"$(inherited)",
				);
				GCC_WARN_64_TO_32_BIT_CONVERSION = YES;
				GCC_WARN_ABOUT_RETURN_TYPE = YES_ERROR;
				GCC_WARN_UNDECLARED_SELECTOR = YES;
				GCC_WARN_UNINITIALIZED_AUTOS = YES_AGGRESSIVE;
				GCC_WARN_UNUSED_FUNCTION = YES;
				GCC_WARN_UNUSED_VARIABLE = YES;
				IPHONEOS_DEPLOYMENT_TARGET = 16.0;
				MTL_ENABLE_DEBUG_INFO = INCLUDE_SOURCE;
				MTL_FAST_MATH = YES;
				ONLY_ACTIVE_ARCH = YES;
				SDKROOT = iphoneos;
				SWIFT_ACTIVE_COMPILATION_CONDITIONS = DEBUG;
				SWIFT_OPTIMIZATION_LEVEL = "-Onone";
			};
			name = Debug;
		};
		4C291A2129C393F3003F2127 /* Release */ = {
			isa = XCBuildConfiguration;
			buildSettings = {
				ALWAYS_SEARCH_USER_PATHS = NO;
				CLANG_ANALYZER_NONNULL = YES;
				CLANG_ANALYZER_NUMBER_OBJECT_CONVERSION = YES_AGGRESSIVE;
				CLANG_CXX_LANGUAGE_STANDARD = "gnu++20";
				CLANG_ENABLE_MODULES = YES;
				CLANG_ENABLE_OBJC_ARC = YES;
				CLANG_ENABLE_OBJC_WEAK = YES;
				CLANG_WARN_BLOCK_CAPTURE_AUTORELEASING = YES;
				CLANG_WARN_BOOL_CONVERSION = YES;
				CLANG_WARN_COMMA = YES;
				CLANG_WARN_CONSTANT_CONVERSION = YES;
				CLANG_WARN_DEPRECATED_OBJC_IMPLEMENTATIONS = YES;
				CLANG_WARN_DIRECT_OBJC_ISA_USAGE = YES_ERROR;
				CLANG_WARN_DOCUMENTATION_COMMENTS = YES;
				CLANG_WARN_EMPTY_BODY = YES;
				CLANG_WARN_ENUM_CONVERSION = YES;
				CLANG_WARN_INFINITE_RECURSION = YES;
				CLANG_WARN_INT_CONVERSION = YES;
				CLANG_WARN_NON_LITERAL_NULL_CONVERSION = YES;
				CLANG_WARN_OBJC_IMPLICIT_RETAIN_SELF = YES;
				CLANG_WARN_OBJC_LITERAL_CONVERSION = YES;
				CLANG_WARN_OBJC_ROOT_CLASS = YES_ERROR;
				CLANG_WARN_QUOTED_INCLUDE_IN_FRAMEWORK_HEADER = YES;
				CLANG_WARN_RANGE_LOOP_ANALYSIS = YES;
				CLANG_WARN_STRICT_PROTOTYPES = YES;
				CLANG_WARN_SUSPICIOUS_MOVE = YES;
				CLANG_WARN_UNGUARDED_AVAILABILITY = YES_AGGRESSIVE;
				CLANG_WARN_UNREACHABLE_CODE = YES;
				CLANG_WARN__DUPLICATE_METHOD_MATCH = YES;
				COPY_PHASE_STRIP = NO;
				DEBUG_INFORMATION_FORMAT = "dwarf-with-dsym";
				ENABLE_NS_ASSERTIONS = NO;
				ENABLE_STRICT_OBJC_MSGSEND = YES;
				GCC_C_LANGUAGE_STANDARD = gnu11;
				GCC_NO_COMMON_BLOCKS = YES;
				GCC_WARN_64_TO_32_BIT_CONVERSION = YES;
				GCC_WARN_ABOUT_RETURN_TYPE = YES_ERROR;
				GCC_WARN_UNDECLARED_SELECTOR = YES;
				GCC_WARN_UNINITIALIZED_AUTOS = YES_AGGRESSIVE;
				GCC_WARN_UNUSED_FUNCTION = YES;
				GCC_WARN_UNUSED_VARIABLE = YES;
				IPHONEOS_DEPLOYMENT_TARGET = 16.0;
				MTL_ENABLE_DEBUG_INFO = NO;
				MTL_FAST_MATH = YES;
				SDKROOT = iphoneos;
				SWIFT_COMPILATION_MODE = wholemodule;
				SWIFT_OPTIMIZATION_LEVEL = "-O";
				VALIDATE_PRODUCT = YES;
			};
			name = Release;
		};
		4C291A2329C393F3003F2127 /* Debug */ = {
			isa = XCBuildConfiguration;
			buildSettings = {
				ASSETCATALOG_COMPILER_APPICON_NAME = AppIcon;
				ASSETCATALOG_COMPILER_GLOBAL_ACCENT_COLOR_NAME = AccentColor;
				CODE_SIGN_STYLE = Automatic;
				CURRENT_PROJECT_VERSION = 1;
				DEVELOPMENT_ASSET_PATHS = "\"FilmHunt/Preview Content\"";
				DEVELOPMENT_TEAM = BKK7XQR32A;
				ENABLE_PREVIEWS = YES;
				GENERATE_INFOPLIST_FILE = YES;
				INFOPLIST_FILE = FilmHunt/Info.plist;
				INFOPLIST_KEY_UIApplicationSupportsIndirectInputEvents = YES;
				INFOPLIST_KEY_UILaunchScreen_Generation = YES;
				INFOPLIST_KEY_UILaunchStoryboardName = "Launch Screen.storyboard";
				INFOPLIST_KEY_UISupportedInterfaceOrientations = UIInterfaceOrientationPortrait;
				IPHONEOS_DEPLOYMENT_TARGET = 16.0;
				LD_RUNPATH_SEARCH_PATHS = (
					"$(inherited)",
					"@executable_path/Frameworks",
				);
				MARKETING_VERSION = 1.0;
				PRODUCT_BUNDLE_IDENTIFIER = Mariia.FilmHunt;
				PRODUCT_NAME = "$(TARGET_NAME)";
				SWIFT_EMIT_LOC_STRINGS = YES;
				SWIFT_VERSION = 5.0;
				TARGETED_DEVICE_FAMILY = "1,2";
			};
			name = Debug;
		};
		4C291A2429C393F3003F2127 /* Release */ = {
			isa = XCBuildConfiguration;
			buildSettings = {
				ASSETCATALOG_COMPILER_APPICON_NAME = AppIcon;
				ASSETCATALOG_COMPILER_GLOBAL_ACCENT_COLOR_NAME = AccentColor;
				CODE_SIGN_STYLE = Automatic;
				CURRENT_PROJECT_VERSION = 1;
				DEVELOPMENT_ASSET_PATHS = "\"FilmHunt/Preview Content\"";
				DEVELOPMENT_TEAM = BKK7XQR32A;
				ENABLE_PREVIEWS = YES;
				GENERATE_INFOPLIST_FILE = YES;
				INFOPLIST_FILE = FilmHunt/Info.plist;
				INFOPLIST_KEY_UIApplicationSupportsIndirectInputEvents = YES;
				INFOPLIST_KEY_UILaunchScreen_Generation = YES;
				INFOPLIST_KEY_UILaunchStoryboardName = "Launch Screen.storyboard";
				INFOPLIST_KEY_UISupportedInterfaceOrientations = UIInterfaceOrientationPortrait;
				IPHONEOS_DEPLOYMENT_TARGET = 16.0;
				LD_RUNPATH_SEARCH_PATHS = (
					"$(inherited)",
					"@executable_path/Frameworks",
				);
				MARKETING_VERSION = 1.0;
				PRODUCT_BUNDLE_IDENTIFIER = Mariia.FilmHunt;
				PRODUCT_NAME = "$(TARGET_NAME)";
				SWIFT_EMIT_LOC_STRINGS = YES;
				SWIFT_VERSION = 5.0;
				TARGETED_DEVICE_FAMILY = "1,2";
			};
			name = Release;
		};
		4C291A2629C393F3003F2127 /* Debug */ = {
			isa = XCBuildConfiguration;
			buildSettings = {
				ALWAYS_EMBED_SWIFT_STANDARD_LIBRARIES = YES;
				BUNDLE_LOADER = "$(TEST_HOST)";
				CODE_SIGN_STYLE = Automatic;
				CURRENT_PROJECT_VERSION = 1;
				DEVELOPMENT_TEAM = BKK7XQR32A;
				GENERATE_INFOPLIST_FILE = YES;
				IPHONEOS_DEPLOYMENT_TARGET = 16.2;
				MARKETING_VERSION = 1.0;
				PRODUCT_BUNDLE_IDENTIFIER = Mariia.FilmHuntTests;
				PRODUCT_NAME = "$(TARGET_NAME)";
				SWIFT_EMIT_LOC_STRINGS = NO;
				SWIFT_VERSION = 5.0;
				TARGETED_DEVICE_FAMILY = "1,2";
				TEST_HOST = "$(BUILT_PRODUCTS_DIR)/FilmHunt.app/$(BUNDLE_EXECUTABLE_FOLDER_PATH)/FilmHunt";
			};
			name = Debug;
		};
		4C291A2729C393F3003F2127 /* Release */ = {
			isa = XCBuildConfiguration;
			buildSettings = {
				ALWAYS_EMBED_SWIFT_STANDARD_LIBRARIES = YES;
				BUNDLE_LOADER = "$(TEST_HOST)";
				CODE_SIGN_STYLE = Automatic;
				CURRENT_PROJECT_VERSION = 1;
				DEVELOPMENT_TEAM = BKK7XQR32A;
				GENERATE_INFOPLIST_FILE = YES;
				IPHONEOS_DEPLOYMENT_TARGET = 16.2;
				MARKETING_VERSION = 1.0;
				PRODUCT_BUNDLE_IDENTIFIER = Mariia.FilmHuntTests;
				PRODUCT_NAME = "$(TARGET_NAME)";
				SWIFT_EMIT_LOC_STRINGS = NO;
				SWIFT_VERSION = 5.0;
				TARGETED_DEVICE_FAMILY = "1,2";
				TEST_HOST = "$(BUILT_PRODUCTS_DIR)/FilmHunt.app/$(BUNDLE_EXECUTABLE_FOLDER_PATH)/FilmHunt";
			};
			name = Release;
		};
		4C291A2929C393F3003F2127 /* Debug */ = {
			isa = XCBuildConfiguration;
			buildSettings = {
				ALWAYS_EMBED_SWIFT_STANDARD_LIBRARIES = YES;
				CODE_SIGN_STYLE = Automatic;
				CURRENT_PROJECT_VERSION = 1;
				DEVELOPMENT_TEAM = BKK7XQR32A;
				GENERATE_INFOPLIST_FILE = YES;
				MARKETING_VERSION = 1.0;
				PRODUCT_BUNDLE_IDENTIFIER = Mariia.FilmHuntUITests;
				PRODUCT_NAME = "$(TARGET_NAME)";
				SWIFT_EMIT_LOC_STRINGS = NO;
				SWIFT_VERSION = 5.0;
				TARGETED_DEVICE_FAMILY = "1,2";
				TEST_TARGET_NAME = FilmHunt;
			};
			name = Debug;
		};
		4C291A2A29C393F3003F2127 /* Release */ = {
			isa = XCBuildConfiguration;
			buildSettings = {
				ALWAYS_EMBED_SWIFT_STANDARD_LIBRARIES = YES;
				CODE_SIGN_STYLE = Automatic;
				CURRENT_PROJECT_VERSION = 1;
				DEVELOPMENT_TEAM = BKK7XQR32A;
				GENERATE_INFOPLIST_FILE = YES;
				MARKETING_VERSION = 1.0;
				PRODUCT_BUNDLE_IDENTIFIER = Mariia.FilmHuntUITests;
				PRODUCT_NAME = "$(TARGET_NAME)";
				SWIFT_EMIT_LOC_STRINGS = NO;
				SWIFT_VERSION = 5.0;
				TARGETED_DEVICE_FAMILY = "1,2";
				TEST_TARGET_NAME = FilmHunt;
			};
			name = Release;
		};
/* End XCBuildConfiguration section */

/* Begin XCConfigurationList section */
		4C2919F929C393F0003F2127 /* Build configuration list for PBXProject "FilmHunt" */ = {
			isa = XCConfigurationList;
			buildConfigurations = (
				4C291A2029C393F3003F2127 /* Debug */,
				4C291A2129C393F3003F2127 /* Release */,
			);
			defaultConfigurationIsVisible = 0;
			defaultConfigurationName = Release;
		};
		4C291A2229C393F3003F2127 /* Build configuration list for PBXNativeTarget "FilmHunt" */ = {
			isa = XCConfigurationList;
			buildConfigurations = (
				4C291A2329C393F3003F2127 /* Debug */,
				4C291A2429C393F3003F2127 /* Release */,
			);
			defaultConfigurationIsVisible = 0;
			defaultConfigurationName = Release;
		};
		4C291A2529C393F3003F2127 /* Build configuration list for PBXNativeTarget "FilmHuntTests" */ = {
			isa = XCConfigurationList;
			buildConfigurations = (
				4C291A2629C393F3003F2127 /* Debug */,
				4C291A2729C393F3003F2127 /* Release */,
			);
			defaultConfigurationIsVisible = 0;
			defaultConfigurationName = Release;
		};
		4C291A2829C393F3003F2127 /* Build configuration list for PBXNativeTarget "FilmHuntUITests" */ = {
			isa = XCConfigurationList;
			buildConfigurations = (
				4C291A2929C393F3003F2127 /* Debug */,
				4C291A2A29C393F3003F2127 /* Release */,
			);
			defaultConfigurationIsVisible = 0;
			defaultConfigurationName = Release;
		};
/* End XCConfigurationList section */

/* Begin XCRemoteSwiftPackageReference section */
		4C291A5729C4C60E003F2127 /* XCRemoteSwiftPackageReference "SDWebImageSwiftUI" */ = {
			isa = XCRemoteSwiftPackageReference;
			repositoryURL = "https://github.com/SDWebImage/SDWebImageSwiftUI";
			requirement = {
				kind = upToNextMajorVersion;
				minimumVersion = 2.0.0;
			};
		};
		4C6FE94529CAF3680042AD77 /* XCRemoteSwiftPackageReference "SDWebImage" */ = {
			isa = XCRemoteSwiftPackageReference;
			repositoryURL = "https://github.com/SDWebImage/SDWebImage";
			requirement = {
				kind = upToNextMajorVersion;
				minimumVersion = 5.0.0;
			};
		};
/* End XCRemoteSwiftPackageReference section */

/* Begin XCSwiftPackageProductDependency section */
		4C291A5829C4C60E003F2127 /* SDWebImageSwiftUI */ = {
			isa = XCSwiftPackageProductDependency;
			package = 4C291A5729C4C60E003F2127 /* XCRemoteSwiftPackageReference "SDWebImageSwiftUI" */;
			productName = SDWebImageSwiftUI;
		};
		4C6FE94629CAF3680042AD77 /* SDWebImage */ = {
			isa = XCSwiftPackageProductDependency;
			package = 4C6FE94529CAF3680042AD77 /* XCRemoteSwiftPackageReference "SDWebImage" */;
			productName = SDWebImage;
		};
		4CB8FDC529CAF476001E766B /* SDWebImage */ = {
			isa = XCSwiftPackageProductDependency;
			package = 4C6FE94529CAF3680042AD77 /* XCRemoteSwiftPackageReference "SDWebImage" */;
			productName = SDWebImage;
		};
		4CFC168A29CB043700DEFD97 /* FilmHunt Network */ = {
			isa = XCSwiftPackageProductDependency;
			productName = "FilmHunt Network";
		};
/* End XCSwiftPackageProductDependency section */
	};
	rootObject = 4C2919F629C393F0003F2127 /* Project object */;
}
